{
  "nodes": {
    "azul-flake": {
      "inputs": {
        "flake-utils": "flake-utils",
        "nixpkgs": "nixpkgs"
      },
      "locked": {
        "lastModified": 1770497609,
        "narHash": "sha256-K2r/oXguTVoct3vIcpvtw28VkmFACHn/quDT9LYxq1w=",
        "owner": "c-gale",
        "repo": "azul-flake",
        "rev": "6b3e135c6f7a043f706e1c8c039a460bc44a0d63",
        "type": "github"
      },
      "original": {
        "owner": "c-gale",
        "repo": "azul-flake",
        "type": "github"
      }
    },
    "flake-utils": {
      "inputs": {
        "systems": "systems"
      },
      "locked": {
        "lastModified": 1731533236,
        "narHash": "sha256-l0KFg5HjrsfsO/JpG+r7fRrqm12kzFHyUHqHCVpMMbI=",
        "owner": "numtide",
        "repo": "flake-utils",
        "rev": "11707dc2f618dd54ca8739b309ec4fc024de578b",
        "type": "github"
      },
      "original": {
        "owner": "numtide",
        "repo": "flake-utils",
        "type": "github"
      }
    },
    "nixpkgs": {
      "locked": {
        "lastModified": 1770197578,
        "narHash": "sha256-AYqlWrX09+HvGs8zM6ebZ1pwUqjkfpnv8mewYwAo+iM=",
        "owner": "NixOS",
        "repo": "nixpkgs",
        "rev": "00c21e4c93d963c50d4c0c89bfa84ed6e0694df2",
        "type": "github"
      },
      "original": {
        "owner": "NixOS",
        "ref": "nixos-unstable",
        "repo": "nixpkgs",
        "type": "github"
      }
    },
    "nixpkgs_2": {
      "locked": {
        "lastModified": 1786599213,
        "narHash": "sha256-yNJd40f11EzXBjSByCB7IPpeFFAdeoSKKM67dGkfFoU=",
        "owner": "NixOS",
        "repo": "nixpkgs",
        "rev": "0e251e24a4f24e036a084b6b4b2d2491af4167f4",
        "type": "github"
      },
      "original": {
        "owner": "NixOS",
        "ref": "nixos-unstable",
        "repo": "nixpkgs",
        "type": "github"
      }
    },
    "nixpkgs_3": {
      "locked": {
        "lastModified": 1770841267,
        "narHash": "sha256-9xejG0KoqsoKEGp2kVbXRlEYtFFcDTHjidiuX8hGO44=",
        "owner": "NixOS",
        "repo": "nixpkgs",
        "rev": "ec7c70d12ce2fc37cb92aff673dcdca89d187bae",
        "type": "github"
      },
      "original": {
        "owner": "NixOS",
        "ref": "nixos-unstable",
        "repo": "nixpkgs",
        "type": "github"
      }
    },
    "nixpkgs_4": {
      "locked": {
        "lastModified": 1786599213,
        "narHash": "sha256-yNJd40f11EzXBjSByCB7IPpeFFAdeoSKKM67dGkfFoU=",
        "owner": "NixOS",
        "repo": "nixpkgs",
        "rev": "0e251e24a4f24e036a084b6b4b2d2491af4167f4",
        "type": "github"
      },
      "original": {
        "owner": "NixOS",
        "ref": "nixos-unstable",
        "repo": "nixpkgs",
        "type": "github"
      }
    },
    "nixpkgs_5": {
      "locked": {
        "lastModified": 1770197578,
        "narHash": "sha256-AYqlWrX09+HvGs8zM6ebZ1pwUqjkfpnv8mewYwAo+iM=",
        "owner": "NixOS",
        "repo": "nixpkgs",
        "rev": "00c21e4c93d963c50d4c0c89bfa84ed6e0694df2",
        "type": "github"
      },
      "original": {
        "owner": "NixOS",
        "ref": "nixos-unstable",
        "repo": "nixpkgs",
        "type": "github"
      }
    },
    "pesde-flake": {
      "inputs": {
        "nixpkgs": "nixpkgs_3"
      },
      "locked": {
        "lastModified": 1771045853,
        "narHash": "sha256-tG0JmNmeMbAViabKDYam4Eqkw+n8CccZhMSsVsry2sc=",
        "owner": "c-gale",
        "repo": "psede-nix",
        "rev": "f45235ce40971eb345ce53ece4af11d0adb1515b",
        "type": "github"
      },
      "original": {
        "owner": "c-gale",
        "repo": "psede-nix",
        "type": "github"
      }
    },
    "root": {
      "inputs": {
        "azul-flake": "azul-flake",
        "nixpkgs": "nixpkgs_2",
        "pesde-flake": "pesde-flake",
        "wally-flake": "wally-flake",
        "zap-flake": "zap-flake"
      }
    },
    "systems": {
      "locked": {
        "lastModified": 1681028828,
        "narHash": "sha256-Vy1rq5AaRuLzOxct8nz4T6wlgyUR7zLU309k9mBC768=",
        "owner": "nix-systems",
        "repo": "default",
        "rev": "da67096a3b9bf56a91d16901293e51ba5b49a27e",
        "type": "github"
      },
      "original": {
        "owner": "nix-systems",
        "repo": "default",
        "type": "github"
      }
    },
    "wally-flake": {
      "inputs": {
        "nixpkgs": "nixpkgs_4"
      },
      "locked": {
        "lastModified": 1747379612,
        "narHash": "sha256-1y0mR2YpE2kqPX4Z7rf4TECZG3YEWLCQm/UQx4cUSB8=",
        "owner": "c-gale",
        "repo": "wally-flake",
        "rev": "578cdbd340a9c61c1198a1c434e361b0bdc1804b",
        "type": "github"
      },
      "original": {
        "owner": "c-gale",
        "repo": "wally-flake",
        "type": "github"
      }
    },
    "zap-flake": {
      "inputs": {
        "nixpkgs": "nixpkgs_5"
      },
      "locked": {
        "lastModified": 1770518055,
        "narHash": "sha256-0UDCH0dyDBsVmk24OzRa/X+EwZaQtQa7cH1CpnbR+Gs=",
        "owner": "c-gale",
        "repo": "zap-flake",
        "rev": "33a2809c7a64f18f8a468629ca64e6e9b861616a",
        "type": "github"
      },
      "original": {
        "owner": "c-gale",
        "repo": "zap-flake",
        "type": "github"
      }
    }
  },
  "root": "root",
  "version": 7
}
